// !$*UTF8*$!
{
	archiveVersion = 1;
	classes = {
	};
	objectVersion = 77;
	objects = {

/* Begin PBXBuildFile section */
		D5F104D32F3DC1EF00CE6272 /* GRDB in Frameworks */ = {isa = PBXBuildFile; productRef = D5TE500B2F3C42530046A153 /* GRDB */; };
		D5F1FE582F3DBF5900CE6272 /* GRDB in Frameworks */ = {isa = PBXBuildFile; productRef = D58CE4112F3C99990046A153 /* GRDB */; };
		D5RD00042F5E00010046A153 /* Markdown in Frameworks */ = {isa = PBXBuildFile; productRef = D5RD00022F5E00010046A153 /* Markdown */; };
		D5RD00052F5E00010046A153 /* Markdown in Frameworks */ = {isa = PBXBuildFile; productRef = D5RD00032F5E00010046A153 /* Markdown */; };
		D5RD00082F5E00010046A153 /* SwiftMath in Frameworks */ = {isa = PBXBuildFile; productRef = D5RD00072F5E00010046A153 /* SwiftMath */; };
/* End PBXBuildFile section */

/* Begin PBXContainerItemProxy section */
		D5TE50092F3C42530046A153 /* PBXContainerItemProxy */ = {
			isa = PBXContainerItemProxy;
			containerPortal = D58CE3EE2F3C42510046A153 /* Project object */;
			proxyType = 1;
			remoteGlobalIDString = D58CE3F52F3C42520046A153;
			remoteInfo = Hush;
		};
/* End PBXContainerItemProxy section */

/* Begin PBXFileReference section */
		D58CE3F62F3C42520046A153 /* Hush.app */ = {isa = PBXFileReference; explicitFileType = wrapper.application; includeInIndex = 0; path = Hush.app; sourceTree = BUILT_PRODUCTS_DIR; };
		D5TE50012F3C42530046A153 /* HushTests.xctest */ = {isa = PBXFileReference; explicitFileType = wrapper.cfbundle; includeInIndex = 0; path = HushTests.xctest; sourceTree = BUILT_PRODUCTS_DIR; };
/* End PBXFileReference section */

/* Begin PBXFileSystemSynchronizedRootGroup section */
		D58CE3F82F3C42520046A153 /* Hush */ = {
			isa = PBXFileSystemSynchronizedRootGroup;
			path = Hush;
			sourceTree = "<group>";
		};
		D5TE50052F3C42530046A153 /* HushTests */ = {
			isa = PBXFileSystemSynchronizedRootGroup;
			path = HushTests;
			sourceTree = "<group>";
		};
/* End PBXFileSystemSynchronizedRootGroup section */

/* Begin PBXFrameworksBuildPhase section */
		D58CE3F32F3C42520046A153 /* Frameworks */ = {
			isa = PBXFrameworksBuildPhase;
			buildActionMask = 2147483647;
			files = (
				D5F1FE582F3DBF5900CE6272 /* GRDB in Frameworks */,
				D5RD00042F5E00010046A153 /* Markdown in Frameworks */,
				D5RD00082F5E00010046A153 /* SwiftMath in Frameworks */,
			);
			runOnlyForDeploymentPostprocessing = 0;
		};
		D5TE50042F3C42530046A153 /* Frameworks */ = {
			isa = PBXFrameworksBuildPhase;
			buildActionMask = 2147483647;
			files = (
				D5F104D32F3DC1EF00CE6272 /* GRDB in Frameworks */,
				D5RD00052F5E00010046A153 /* Markdown in Frameworks */,
			);
			runOnlyForDeploymentPostprocessing = 0;
		};
/* End PBXFrameworksBuildPhase section */

/* Begin PBXGroup section */
		D58CE3ED2F3C42510046A153 = {
			isa = PBXGroup;
			children = (
				D58CE3F82F3C42520046A153 /* Hush */,
				D5TE50052F3C42530046A153 /* HushTests */,
				D58CE3F72F3C42520046A153 /* Products */,
			);
			sourceTree = "<group>";
		};
		D58CE3F72F3C42520046A153 /* Products */ = {
			isa = PBXGroup;
			children = (
				D58CE3F62F3C42520046A153 /* Hush.app */,
				D5TE50012F3C42530046A153 /* HushTests.xctest */,
			);
			name = Products;
			sourceTree = "<group>";
		};
/* End PBXGroup section */

/* Begin PBXNativeTarget section */
		D58CE3F52F3C42520046A153 /* Hush */ = {
			isa = PBXNativeTarget;
			buildConfigurationList = D58CE4032F3C42530046A153 /* Build configuration list for PBXNativeTarget "Hush" */;
			buildPhases = (
				D58CE3F22F3C42520046A153 /* Sources */,
				D58CE3F32F3C42520046A153 /* Frameworks */,
				D5A11C0D2F9D1C0A00CEFA11 /* Generate App Icon */,
			);
			buildRules = (
			);
			dependencies = (
			);
			fileSystemSynchronizedGroups = (
				D58CE3F82F3C42520046A153 /* Hush */,
			);
			name = Hush;
			packageProductDependencies = (
				D58CE4112F3C99990046A153 /* GRDB */,
				D5RD00022F5E00010046A153 /* Markdown */,
				D5RD00072F5E00010046A153 /* SwiftMath */,
			);
			productName = Hush;
			productReference = D58CE3F62F3C42520046A153 /* Hush.app */;
			productType = "com.apple.product-type.application";
		};
		D5TE50022F3C42530046A153 /* HushTests */ = {
			isa = PBXNativeTarget;
			buildConfigurationList = D5TE50062F3C42530046A153 /* Build configuration list for PBXNativeTarget "HushTests" */;
			buildPhases = (
				D5TE50032F3C42530046A153 /* Sources */,
				D5TE50042F3C42530046A153 /* Frameworks */,
			);
			buildRules = (
			);
			dependencies = (
				D5TE500A2F3C42530046A153 /* PBXTargetDependency */,
			);
			fileSystemSynchronizedGroups = (
				D5TE50052F3C42530046A153 /* HushTests */,
			);
			name = HushTests;
			packageProductDependencies = (
				D5TE500B2F3C42530046A153 /* GRDB */,
				D5RD00032F5E00010046A153 /* Markdown */,
			);
			productName = HushTests;
			productReference = D5TE50012F3C42530046A153 /* HushTests.xctest */;
			productType = "com.apple.product-type.bundle.unit-test";
		};
/* End PBXNativeTarget section */

/* Begin PBXProject section */
		D58CE3EE2F3C42510046A153 /* Project object */ = {
			isa = PBXProject;
			attributes = {
				BuildIndependentTargetsInParallel = 1;
				LastSwiftUpdateCheck = 2620;
				LastUpgradeCheck = 2620;
				TargetAttributes = {
					D58CE3F52F3C42520046A153 = {
						CreatedOnToolsVersion = 26.2;
					};
					D5TE50022F3C42530046A153 = {
						CreatedOnToolsVersion = 26.2;
						TestTargetID = D58CE3F52F3C42520046A153;
					};
				};
			};
			buildConfigurationList = D58CE3F12F3C42510046A153 /* Build configuration list for PBXProject "Hush" */;
			developmentRegion = en;
			hasScannedForEncodings = 0;
			knownRegions = (
				en,
				Base,
			);
			mainGroup = D58CE3ED2F3C42510046A153;
			minimizedProjectReferenceProxies = 1;
			packageReferences = (
				D58CE4102F3C99990046A153 /* XCRemoteSwiftPackageReference "GRDB.swift" */,
				D5RD00012F5E00010046A153 /* XCRemoteSwiftPackageReference "swift-markdown" */,
				D5RD00062F5E00010046A153 /* XCRemoteSwiftPackageReference "SwiftMath" */,
			);
			preferredProjectObjectVersion = 77;
			productRefGroup = D58CE3F72F3C42520046A153 /* Products */;
			projectDirPath = "";
			projectRoot = "";
			targets = (
				D58CE3F52F3C42520046A153 /* Hush */,
				D5TE50022F3C42530046A153 /* HushTests */,
			);
		};
/* End PBXProject section */

/* Begin PBXShellScriptBuildPhase section */
		D5A11C0D2F9D1C0A00CEFA11 /* Generate App Icon */ = {
			isa = PBXShellScriptBuildPhase;
			buildActionMask = 2147483647;
			files = (
			);
			inputPaths = (
				"$(PROJECT_DIR)/Hush/Assets.xcassets/AppIcon.appiconset/appIcon_16x16.png",
				"$(PROJECT_DIR)/Hush/Assets.xcassets/AppIcon.appiconset/appIcon_16x16@2x.png",
				"$(PROJECT_DIR)/Hush/Assets.xcassets/AppIcon.appiconset/appIcon_32x32.png",
				"$(PROJECT_DIR)/Hush/Assets.xcassets/AppIcon.appiconset/appIcon_32x32@2x.png",
				"$(PROJECT_DIR)/Hush/Assets.xcassets/AppIcon.appiconset/appIcon_128x128.png",
				"$(PROJECT_DIR)/Hush/Assets.xcassets/AppIcon.appiconset/appIcon_128x128@2x.png",
				"$(PROJECT_DIR)/Hush/Assets.xcassets/AppIcon.appiconset/appIcon_256x256.png",
				"$(PROJECT_DIR)/Hush/Assets.xcassets/AppIcon.appiconset/appIcon_256x256@2x.png",
				"$(PROJECT_DIR)/Hush/Assets.xcassets/AppIcon.appiconset/appIcon_512x512.png",
				"$(PROJECT_DIR)/Hush/Assets.xcassets/AppIcon.appiconset/appIcon_512x512@2x.png",
				"$(PROJECT_DIR)/scripts/generate_app_icon.sh",
			);
			name = "Generate App Icon";
			outputPaths = (
				"$(TARGET_BUILD_DIR)/$(UNLOCALIZED_RESOURCES_FOLDER_PATH)/AppIcon.icns",
			);
			runOnlyForDeploymentPostprocessing = 0;
			shellPath = /bin/sh;
			shellScript = "/bin/zsh \"${PROJECT_DIR}/scripts/generate_app_icon.sh\"\n";
			showEnvVarsInLog = 0;
		};
/* End PBXShellScriptBuildPhase section */

/* Begin PBXSourcesBuildPhase section */
		D58CE3F22F3C42520046A153 /* Sources */ = {
			isa = PBXSourcesBuildPhase;
			buildActionMask = 2147483647;
			files = (
			);
			runOnlyForDeploymentPostprocessing = 0;
		};
		D5TE50032F3C42530046A153 /* Sources */ = {
			isa = PBXSourcesBuildPhase;
			buildActionMask = 2147483647;
			files = (
			);
			runOnlyForDeploymentPostprocessing = 0;
		};
/* End PBXSourcesBuildPhase section */

/* Begin PBXTargetDependency section */
		D5TE500A2F3C42530046A153 /* PBXTargetDependency */ = {
			isa = PBXTargetDependency;
			target = D58CE3F52F3C42520046A153 /* Hush */;
			targetProxy = D5TE50092F3C42530046A153 /* PBXContainerItemProxy */;
		};
/* End PBXTargetDependency section */

/* Begin XCBuildConfiguration section */
		D58CE4012F3C42530046A153 /* Debug */ = {
			isa = XCBuildConfiguration;
			buildSettings = {
				ALWAYS_SEARCH_USER_PATHS = NO;
				ASSETCATALOG_COMPILER_GENERATE_SWIFT_ASSET_SYMBOL_EXTENSIONS = YES;
				CLANG_ANALYZER_NONNULL = YES;
				CLANG_ANALYZER_NUMBER_OBJECT_CONVERSION = YES_AGGRESSIVE;
				CLANG_CXX_LANGUAGE_STANDARD = "gnu++20";
				CLANG_ENABLE_MODULES = YES;
				CLANG_ENABLE_OBJC_ARC = YES;
				CLANG_ENABLE_OBJC_WEAK = YES;
				CLANG_WARN_BLOCK_CAPTURE_AUTORELEASING = YES;
				CLANG_WARN_BOOL_CONVERSION = YES;
				CLANG_WARN_COMMA = YES;
				CLANG_WARN_CONSTANT_CONVERSION = YES;
				CLANG_WARN_DEPRECATED_OBJC_IMPLEMENTATIONS = YES;
				CLANG_WARN_DIRECT_OBJC_ISA_USAGE = YES_ERROR;
				CLANG_WARN_DOCUMENTATION_COMMENTS = YES;
				CLANG_WARN_EMPTY_BODY = YES;
				CLANG_WARN_ENUM_CONVERSION = YES;
				CLANG_WARN_INFINITE_RECURSION = YES;
				CLANG_WARN_INT_CONVERSION = YES;
				CLANG_WARN_NON_LITERAL_NULL_CONVERSION = YES;
				CLANG_WARN_OBJC_IMPLICIT_RETAIN_SELF = YES;
				CLANG_WARN_OBJC_LITERAL_CONVERSION = YES;
				CLANG_WARN_OBJC_ROOT_CLASS = YES_ERROR;
				CLANG_WARN_QUOTED_INCLUDE_IN_FRAMEWORK_HEADER = YES;
				CLANG_WARN_RANGE_LOOP_ANALYSIS = YES;
				CLANG_WARN_STRICT_PROTOTYPES = YES;
				CLANG_WARN_SUSPICIOUS_MOVE = YES;
				CLANG_WARN_UNGUARDED_AVAILABILITY = YES_AGGRESSIVE;
				CLANG_WARN_UNREACHABLE_CODE = YES;
				CLANG_WARN__DUPLICATE_METHOD_MATCH = YES;
				COPY_PHASE_STRIP = NO;
				DEBUG_INFORMATION_FORMAT = dwarf;
				DEVELOPMENT_TEAM = XCBNBG3B57;
				ENABLE_STRICT_OBJC_MSGSEND = YES;
				ENABLE_TESTABILITY = YES;
				ENABLE_USER_SCRIPT_SANDBOXING = YES;
				GCC_C_LANGUAGE_STANDARD = gnu17;
				GCC_DYNAMIC_NO_PIC = NO;
				GCC_NO_COMMON_BLOCKS = YES;
				GCC_OPTIMIZATION_LEVEL = 0;
				GCC_PREPROCESSOR_DEFINITIONS = (
					"DEBUG=1",
					"$(inherited)",
				);
				GCC_WARN_64_TO_32_BIT_CONVERSION = YES;
				GCC_WARN_ABOUT_RETURN_TYPE = YES_ERROR;
				GCC_WARN_UNDECLARED_SELECTOR = YES;
				GCC_WARN_UNINITIALIZED_AUTOS = YES_AGGRESSIVE;
					GCC_WARN_UNUSED_FUNCTION = YES;
					GCC_WARN_UNUSED_VARIABLE = YES;
					LOCALIZATION_PREFERS_STRING_CATALOGS = YES;
					MACOSX_DEPLOYMENT_TARGET = 14.0;
					MTL_ENABLE_DEBUG_INFO = INCLUDE_SOURCE;
					MTL_FAST_MATH = YES;
					ONLY_ACTIVE_ARCH = YES;
					SDKROOT = macosx;
				SWIFT_ACTIVE_COMPILATION_CONDITIONS = "DEBUG $(inherited)";
				SWIFT_OPTIMIZATION_LEVEL = "-Onone";
			};
			name = Debug;
		};
		D58CE4022F3C42530046A153 /* Release */ = {
			isa = XCBuildConfiguration;
			buildSettings = {
				ALWAYS_SEARCH_USER_PATHS = NO;
				ASSETCATALOG_COMPILER_GENERATE_SWIFT_ASSET_SYMBOL_EXTENSIONS = YES;
				CLANG_ANALYZER_NONNULL = YES;
				CLANG_ANALYZER_NUMBER_OBJECT_CONVERSION = YES_AGGRESSIVE;
				CLANG_CXX_LANGUAGE_STANDARD = "gnu++20";
				CLANG_ENABLE_MODULES = YES;
				CLANG_ENABLE_OBJC_ARC = YES;
				CLANG_ENABLE_OBJC_WEAK = YES;
				CLANG_WARN_BLOCK_CAPTURE_AUTORELEASING = YES;
				CLANG_WARN_BOOL_CONVERSION = YES;
				CLANG_WARN_COMMA = YES;
				CLANG_WARN_CONSTANT_CONVERSION = YES;
				CLANG_WARN_DEPRECATED_OBJC_IMPLEMENTATIONS = YES;
				CLANG_WARN_DIRECT_OBJC_ISA_USAGE = YES_ERROR;
				CLANG_WARN_DOCUMENTATION_COMMENTS = YES;
				CLANG_WARN_EMPTY_BODY = YES;
				CLANG_WARN_ENUM_CONVERSION = YES;
				CLANG_WARN_INFINITE_RECURSION = YES;
				CLANG_WARN_INT_CONVERSION = YES;
				CLANG_WARN_NON_LITERAL_NULL_CONVERSION = YES;
				CLANG_WARN_OBJC_IMPLICIT_RETAIN_SELF = YES;
				CLANG_WARN_OBJC_LITERAL_CONVERSION = YES;
				CLANG_WARN_OBJC_ROOT_CLASS = YES_ERROR;
				CLANG_WARN_QUOTED_INCLUDE_IN_FRAMEWORK_HEADER = YES;
				CLANG_WARN_RANGE_LOOP_ANALYSIS = YES;
				CLANG_WARN_STRICT_PROTOTYPES = YES;
				CLANG_WARN_SUSPICIOUS_MOVE = YES;
				CLANG_WARN_UNGUARDED_AVAILABILITY = YES_AGGRESSIVE;
				CLANG_WARN_UNREACHABLE_CODE = YES;
				CLANG_WARN__DUPLICATE_METHOD_MATCH = YES;
				COPY_PHASE_STRIP = NO;
				DEBUG_INFORMATION_FORMAT = "dwarf-with-dsym";
				DEVELOPMENT_TEAM = XCBNBG3B57;
				ENABLE_NS_ASSERTIONS = NO;
				ENABLE_STRICT_OBJC_MSGSEND = YES;
				ENABLE_USER_SCRIPT_SANDBOXING = YES;
				GCC_C_LANGUAGE_STANDARD = gnu17;
				GCC_NO_COMMON_BLOCKS = YES;
				GCC_WARN_64_TO_32_BIT_CONVERSION = YES;
				GCC_WARN_ABOUT_RETURN_TYPE = YES_ERROR;
				GCC_WARN_UNDECLARED_SELECTOR = YES;
				GCC_WARN_UNINITIALIZED_AUTOS = YES_AGGRESSIVE;
					GCC_WARN_UNUSED_FUNCTION = YES;
					GCC_WARN_UNUSED_VARIABLE = YES;
					LOCALIZATION_PREFERS_STRING_CATALOGS = YES;
					MACOSX_DEPLOYMENT_TARGET = 14.0;
					MTL_ENABLE_DEBUG_INFO = NO;
					MTL_FAST_MATH = YES;
					SDKROOT = macosx;
					SWIFT_COMPILATION_MODE = wholemodule;
			};
			name = Release;
		};
		D58CE4042F3C42530046A153 /* Debug */ = {
			isa = XCBuildConfiguration;
			buildSettings = {
				ASSETCATALOG_COMPILER_APPICON_NAME = AppIcon;
				ASSETCATALOG_COMPILER_GLOBAL_ACCENT_COLOR_NAME = AccentColor;
				CODE_SIGN_STYLE = Automatic;
				COMBINE_HIDPI_IMAGES = YES;
				CURRENT_PROJECT_VERSION = 1;
				DEVELOPMENT_TEAM = XCBNBG3B57;
				ENABLE_APP_SANDBOX = YES;
				ENABLE_HARDENED_RUNTIME = YES;
				ENABLE_INCOMING_NETWORK_CONNECTIONS = YES;
				ENABLE_OUTGOING_CONNECTIONS = YES;
				ENABLE_OUTGOING_NETWORK_CONNECTIONS = YES;
				ENABLE_PREVIEWS = YES;
				ENABLE_RESOURCE_ACCESS_AUDIO_INPUT = NO;
				ENABLE_RESOURCE_ACCESS_BLUETOOTH = NO;
				ENABLE_RESOURCE_ACCESS_CALENDARS = NO;
				ENABLE_RESOURCE_ACCESS_CAMERA = NO;
				ENABLE_RESOURCE_ACCESS_CONTACTS = NO;
				ENABLE_RESOURCE_ACCESS_LOCATION = NO;
				ENABLE_RESOURCE_ACCESS_PRINTING = NO;
				ENABLE_RESOURCE_ACCESS_USB = NO;
				ENABLE_USER_SELECTED_FILES = readonly;
				GENERATE_INFOPLIST_FILE = NO;
				INFOPLIST_FILE = Hush/Info.plist;
				INFOPLIST_KEY_NSHumanReadableCopyright = "";
				LD_RUNPATH_SEARCH_PATHS = (
					"$(inherited)",
					"@executable_path/../Frameworks",
				);
				MARKETING_VERSION = 1.0;
				PRODUCT_BUNDLE_IDENTIFIER = com.dundunha.Hush;
				PRODUCT_NAME = "$(TARGET_NAME)";
				REGISTER_APP_GROUPS = YES;
				STRING_CATALOG_GENERATE_SYMBOLS = YES;
				SWIFT_APPROACHABLE_CONCURRENCY = YES;
				SWIFT_DEFAULT_ACTOR_ISOLATION = MainActor;
				SWIFT_EMIT_LOC_STRINGS = YES;
				SWIFT_UPCOMING_FEATURE_MEMBER_IMPORT_VISIBILITY = YES;
				SWIFT_VERSION = 5.0;
			};
			name = Debug;
		};
		D58CE4052F3C42530046A153 /* Release */ = {
			isa = XCBuildConfiguration;
			buildSettings = {
				ASSETCATALOG_COMPILER_APPICON_NAME = AppIcon;
				ASSETCATALOG_COMPILER_GLOBAL_ACCENT_COLOR_NAME = AccentColor;
				CODE_SIGN_STYLE = Automatic;
				COMBINE_HIDPI_IMAGES = YES;
				CURRENT_PROJECT_VERSION = 1;
				DEVELOPMENT_TEAM = XCBNBG3B57;
				ENABLE_APP_SANDBOX = YES;
				ENABLE_HARDENED_RUNTIME = YES;
				ENABLE_INCOMING_NETWORK_CONNECTIONS = YES;
				ENABLE_OUTGOING_CONNECTIONS = YES;
				ENABLE_OUTGOING_NETWORK_CONNECTIONS = YES;
				ENABLE_PREVIEWS = YES;
				ENABLE_RESOURCE_ACCESS_AUDIO_INPUT = NO;
				ENABLE_RESOURCE_ACCESS_BLUETOOTH = NO;
				ENABLE_RESOURCE_ACCESS_CALENDARS = NO;
				ENABLE_RESOURCE_ACCESS_CAMERA = NO;
				ENABLE_RESOURCE_ACCESS_CONTACTS = NO;
				ENABLE_RESOURCE_ACCESS_LOCATION = NO;
				ENABLE_RESOURCE_ACCESS_PRINTING = NO;
				ENABLE_RESOURCE_ACCESS_USB = NO;
				ENABLE_USER_SELECTED_FILES = readonly;
				GENERATE_INFOPLIST_FILE = NO;
				INFOPLIST_FILE = Hush/Info.plist;
				INFOPLIST_KEY_NSHumanReadableCopyright = "";
				LD_RUNPATH_SEARCH_PATHS = (
					"$(inherited)",
					"@executable_path/../Frameworks",
				);
				MARKETING_VERSION = 1.0;
				PRODUCT_BUNDLE_IDENTIFIER = com.dundunha.Hush;
				PRODUCT_NAME = "$(TARGET_NAME)";
				REGISTER_APP_GROUPS = YES;
				STRING_CATALOG_GENERATE_SYMBOLS = YES;
				SWIFT_APPROACHABLE_CONCURRENCY = YES;
				SWIFT_DEFAULT_ACTOR_ISOLATION = MainActor;
				SWIFT_EMIT_LOC_STRINGS = YES;
				SWIFT_UPCOMING_FEATURE_MEMBER_IMPORT_VISIBILITY = YES;
				SWIFT_VERSION = 5.0;
			};
			name = Release;
		};
		D5TE50072F3C42530046A153 /* Debug */ = {
			isa = XCBuildConfiguration;
			buildSettings = {
				BUNDLE_LOADER = "$(TEST_HOST)";
				CODE_SIGN_STYLE = Automatic;
				CURRENT_PROJECT_VERSION = 1;
				DEVELOPMENT_TEAM = XCBNBG3B57;
				GENERATE_INFOPLIST_FILE = YES;
				MARKETING_VERSION = 1.0;
				PRODUCT_BUNDLE_IDENTIFIER = com.dundunha.HushTests;
				PRODUCT_NAME = "$(TARGET_NAME)";
				SWIFT_APPROACHABLE_CONCURRENCY = YES;
				SWIFT_DEFAULT_ACTOR_ISOLATION = MainActor;
				SWIFT_EMIT_LOC_STRINGS = NO;
				SWIFT_UPCOMING_FEATURE_MEMBER_IMPORT_VISIBILITY = YES;
				SWIFT_VERSION = 5.0;
				TEST_HOST = "$(BUILT_PRODUCTS_DIR)/Hush.app/Contents/MacOS/Hush";
			};
			name = Debug;
		};
		D5TE50082F3C42530046A153 /* Release */ = {
			isa = XCBuildConfiguration;
			buildSettings = {
				BUNDLE_LOADER = "$(TEST_HOST)";
				CODE_SIGN_STYLE = Automatic;
				CURRENT_PROJECT_VERSION = 1;
				DEVELOPMENT_TEAM = XCBNBG3B57;
				GENERATE_INFOPLIST_FILE = YES;
				MARKETING_VERSION = 1.0;
				PRODUCT_BUNDLE_IDENTIFIER = com.dundunha.HushTests;
				PRODUCT_NAME = "$(TARGET_NAME)";
				SWIFT_APPROACHABLE_CONCURRENCY = YES;
				SWIFT_DEFAULT_ACTOR_ISOLATION = MainActor;
				SWIFT_EMIT_LOC_STRINGS = NO;
				SWIFT_UPCOMING_FEATURE_MEMBER_IMPORT_VISIBILITY = YES;
				SWIFT_VERSION = 5.0;
				TEST_HOST = "$(BUILT_PRODUCTS_DIR)/Hush.app/Contents/MacOS/Hush";
			};
			name = Release;
		};
/* End XCBuildConfiguration section */

/* Begin XCConfigurationList section */
		D58CE3F12F3C42510046A153 /* Build configuration list for PBXProject "Hush" */ = {
			isa = XCConfigurationList;
			buildConfigurations = (
				D58CE4012F3C42530046A153 /* Debug */,
				D58CE4022F3C42530046A153 /* Release */,
			);
			defaultConfigurationIsVisible = 0;
			defaultConfigurationName = Release;
		};
		D58CE4032F3C42530046A153 /* Build configuration list for PBXNativeTarget "Hush" */ = {
			isa = XCConfigurationList;
			buildConfigurations = (
				D58CE4042F3C42530046A153 /* Debug */,
				D58CE4052F3C42530046A153 /* Release */,
			);
			defaultConfigurationIsVisible = 0;
			defaultConfigurationName = Release;
		};
		D5TE50062F3C42530046A153 /* Build configuration list for PBXNativeTarget "HushTests" */ = {
			isa = XCConfigurationList;
			buildConfigurations = (
				D5TE50072F3C42530046A153 /* Debug */,
				D5TE50082F3C42530046A153 /* Release */,
			);
			defaultConfigurationIsVisible = 0;
			defaultConfigurationName = Release;
		};
/* End XCConfigurationList section */

/* Begin XCRemoteSwiftPackageReference section */
		D58CE4102F3C99990046A153 /* XCRemoteSwiftPackageReference "GRDB.swift" */ = {
			isa = XCRemoteSwiftPackageReference;
			repositoryURL = "https://github.com/groue/GRDB.swift.git";
			requirement = {
				kind = upToNextMajorVersion;
				minimumVersion = 7.0.0;
			};
		};
		D5RD00012F5E00010046A153 /* XCRemoteSwiftPackageReference "swift-markdown" */ = {
			isa = XCRemoteSwiftPackageReference;
			repositoryURL = "https://github.com/swiftlang/swift-markdown.git";
			requirement = {
				kind = upToNextMajorVersion;
				minimumVersion = 0.4.0;
			};
		};
		D5RD00062F5E00010046A153 /* XCRemoteSwiftPackageReference "SwiftMath" */ = {
			isa = XCRemoteSwiftPackageReference;
			repositoryURL = "https://github.com/mgriebling/SwiftMath.git";
			requirement = {
				kind = upToNextMajorVersion;
				minimumVersion = 1.0.0;
			};
		};
/* End XCRemoteSwiftPackageReference section */

/* Begin XCSwiftPackageProductDependency section */
		D58CE4112F3C99990046A153 /* GRDB */ = {
			isa = XCSwiftPackageProductDependency;
			package = D58CE4102F3C99990046A153 /* XCRemoteSwiftPackageReference "GRDB.swift" */;
			productName = GRDB;
		};
		D5RD00022F5E00010046A153 /* Markdown */ = {
			isa = XCSwiftPackageProductDependency;
			package = D5RD00012F5E00010046A153 /* XCRemoteSwiftPackageReference "swift-markdown" */;
			productName = Markdown;
		};
		D5RD00032F5E00010046A153 /* Markdown */ = {
			isa = XCSwiftPackageProductDependency;
			package = D5RD00012F5E00010046A153 /* XCRemoteSwiftPackageReference "swift-markdown" */;
			productName = Markdown;
		};
		D5RD00072F5E00010046A153 /* SwiftMath */ = {
			isa = XCSwiftPackageProductDependency;
			package = D5RD00062F5E00010046A153 /* XCRemoteSwiftPackageReference "SwiftMath" */;
			productName = SwiftMath;
		};
		D5TE500B2F3C42530046A153 /* GRDB */ = {
			isa = XCSwiftPackageProductDependency;
			package = D58CE4102F3C99990046A153 /* XCRemoteSwiftPackageReference "GRDB.swift" */;
			productName = GRDB;
		};
/* End XCSwiftPackageProductDependency section */
	};
	rootObject = D58CE3EE2F3C42510046A153 /* Project object */;
}
